
Microsoft Visual Studio Solution File, Format Version 11.00
# Visual Studio 2010
Project("{FAE04EC0-301F-11D3-BF4B-00C04F79EFBC}") = "Ez SQL", "Ez SQL\Ez SQL.csproj", "{B6209F85-E4FA-4C15-8DB8-4B20C3E82923}"
EndProject
Project("{54435603-DBB4-11D2-8724-00A0C9A8B90C}") = "Ez SQL Setup", "Ez SQL Setup\Ez SQL Setup.vdproj", "{51A37041-6B41-4C09-A7DE-F85DB57DA9A9}"
EndProject
Global
	GlobalSection(SolutionConfigurationPlatforms) = preSolution
		Debug|x86 = Debug|x86
		Release|x86 = Release|x86
	EndGlobalSection
	GlobalSection(ProjectConfigurationPlatforms) = postSolution
		{B6209F85-E4FA-4C15-8DB8-4B20C3E82923}.Debug|x86.ActiveCfg = Debug|x86
		{B6209F85-E4FA-4C15-8DB8-4B20C3E82923}.Debug|x86.Build.0 = Debug|x86
		{B6209F85-E4FA-4C15-8DB8-4B20C3E82923}.Release|x86.ActiveCfg = Release|x86
		{B6209F85-E4FA-4C15-8DB8-4B20C3E82923}.Release|x86.Build.0 = Release|x86
		{51A37041-6B41-4C09-A7DE-F85DB57DA9A9}.Debug|x86.ActiveCfg = Debug
		{51A37041-6B41-4C09-A7DE-F85DB57DA9A9}.Release|x86.ActiveCfg = Release
	EndGlobalSection
	GlobalSection(SolutionProperties) = preSolution
		HideSolutionNode = FALSE
	EndGlobalSection
EndGlobal
