
Microsoft Visual Studio Solution File, Format Version 10.00
# Visual Studio 2008
Project("{FAE04EC0-301F-11D3-BF4B-00C04F79EFBC}") = "DemoApp_2.0", "DemoApp_2.0\DemoApp_2.0.csproj", "{CA58CCA3-10FC-4283-B62F-FC3FF0F95522}"
EndProject
Project("{FAE04EC0-301F-11D3-BF4B-00C04F79EFBC}") = "AddressBarExt_2.0", "AddressBarEx_2.0\AddressBarExt_2.0.csproj", "{E2891E95-F6B2-400D-B410-2BB71F6315FA}"
EndProject
Global
	GlobalSection(SolutionConfigurationPlatforms) = preSolution
		Debug|Any CPU = Debug|Any CPU
		Release|Any CPU = Release|Any CPU
	EndGlobalSection
	GlobalSection(ProjectConfigurationPlatforms) = postSolution
		{CA58CCA3-10FC-4283-B62F-FC3FF0F95522}.Debug|Any CPU.ActiveCfg = Debug|Any CPU
		{CA58CCA3-10FC-4283-B62F-FC3FF0F95522}.Debug|Any CPU.Build.0 = Debug|Any CPU
		{CA58CCA3-10FC-4283-B62F-FC3FF0F95522}.Release|Any CPU.ActiveCfg = Release|Any CPU
		{CA58CCA3-10FC-4283-B62F-FC3FF0F95522}.Release|Any CPU.Build.0 = Release|Any CPU
		{E2891E95-F6B2-400D-B410-2BB71F6315FA}.Debug|Any CPU.ActiveCfg = Debug|Any CPU
		{E2891E95-F6B2-400D-B410-2BB71F6315FA}.Debug|Any CPU.Build.0 = Debug|Any CPU
		{E2891E95-F6B2-400D-B410-2BB71F6315FA}.Release|Any CPU.ActiveCfg = Release|Any CPU
		{E2891E95-F6B2-400D-B410-2BB71F6315FA}.Release|Any CPU.Build.0 = Release|Any CPU
	EndGlobalSection
	GlobalSection(SolutionProperties) = preSolution
		HideSolutionNode = FALSE
	EndGlobalSection
EndGlobal
